
Microsoft Visual Studio Solution File, Format Version 12.00
# Visual Studio Version 17
VisualStudioVersion = 17.6.33815.320
MinimumVisualStudioVersion = 10.0.40219.1
Project("{2150E333-8FDC-42A3-9474-1A3956D46DE8}") = "TechChallenge1", "TechChallenge1", "{DF2E71C0-5113-4526-B8F1-B925250D880F}"
EndProject
Project("{9A19103F-16F7-4668-BE54-9A1E7A4F7556}") = "TC1WebApp", "TechChallenge1\TC1WebApp\TC1WebApp.csproj", "{39D23C8F-E295-4048-98B2-E950DD08212E}"
EndProject
Project("{9A19103F-16F7-4668-BE54-9A1E7A4F7556}") = "TC1WebAPI", "TechChallenge1\TC1WebAPI\TC1WebAPI.csproj", "{5C038C64-9263-425D-9BCE-0FD1B7B6A6D4}"
EndProject
Project("{00D1A9C2-B5F0-4AF3-8072-F6C62B433612}") = "TC1DB", "TechChallenge1\TC1DB\TC1DB.sqlproj", "{6C19AE35-D2D5-463F-93CF-AC94B8925C8A}"
EndProject
Global
	GlobalSection(SolutionConfigurationPlatforms) = preSolution
		Debug|Any CPU = Debug|Any CPU
		Release|Any CPU = Release|Any CPU
	EndGlobalSection
	GlobalSection(ProjectConfigurationPlatforms) = postSolution
		{39D23C8F-E295-4048-98B2-E950DD08212E}.Debug|Any CPU.ActiveCfg = Debug|Any CPU
		{39D23C8F-E295-4048-98B2-E950DD08212E}.Debug|Any CPU.Build.0 = Debug|Any CPU
		{39D23C8F-E295-4048-98B2-E950DD08212E}.Release|Any CPU.ActiveCfg = Release|Any CPU
		{39D23C8F-E295-4048-98B2-E950DD08212E}.Release|Any CPU.Build.0 = Release|Any CPU
		{5C038C64-9263-425D-9BCE-0FD1B7B6A6D4}.Debug|Any CPU.ActiveCfg = Debug|Any CPU
		{5C038C64-9263-425D-9BCE-0FD1B7B6A6D4}.Debug|Any CPU.Build.0 = Debug|Any CPU
		{5C038C64-9263-425D-9BCE-0FD1B7B6A6D4}.Release|Any CPU.ActiveCfg = Release|Any CPU
		{5C038C64-9263-425D-9BCE-0FD1B7B6A6D4}.Release|Any CPU.Build.0 = Release|Any CPU
		{6C19AE35-D2D5-463F-93CF-AC94B8925C8A}.Debug|Any CPU.ActiveCfg = Debug|Any CPU
		{6C19AE35-D2D5-463F-93CF-AC94B8925C8A}.Debug|Any CPU.Build.0 = Debug|Any CPU
		{6C19AE35-D2D5-463F-93CF-AC94B8925C8A}.Debug|Any CPU.Deploy.0 = Debug|Any CPU
		{6C19AE35-D2D5-463F-93CF-AC94B8925C8A}.Release|Any CPU.ActiveCfg = Release|Any CPU
		{6C19AE35-D2D5-463F-93CF-AC94B8925C8A}.Release|Any CPU.Build.0 = Release|Any CPU
		{6C19AE35-D2D5-463F-93CF-AC94B8925C8A}.Release|Any CPU.Deploy.0 = Release|Any CPU
	EndGlobalSection
	GlobalSection(SolutionProperties) = preSolution
		HideSolutionNode = FALSE
	EndGlobalSection
	GlobalSection(NestedProjects) = preSolution
		{39D23C8F-E295-4048-98B2-E950DD08212E} = {DF2E71C0-5113-4526-B8F1-B925250D880F}
		{5C038C64-9263-425D-9BCE-0FD1B7B6A6D4} = {DF2E71C0-5113-4526-B8F1-B925250D880F}
		{6C19AE35-D2D5-463F-93CF-AC94B8925C8A} = {DF2E71C0-5113-4526-B8F1-B925250D880F}
	EndGlobalSection
	GlobalSection(ExtensibilityGlobals) = postSolution
		SolutionGuid = {4672AAE5-7C7F-4D7B-A970-1346766F881C}
	EndGlobalSection
EndGlobal
